// !$*UTF8*$!
{
	archiveVersion = 1;
	classes = {
	};
	objectVersion = 50;
	objects = {

/* Begin PBXBuildFile section */
		F75EFE9224F700D70006B18C /* AppDelegate.swift in Sources */ = {isa = PBXBuildFile; fileRef = F75EFE9124F700D70006B18C /* AppDelegate.swift */; };
		F75EFE9424F700D80006B18C /* SceneDelegate.swift in Sources */ = {isa = PBXBuildFile; fileRef = F75EFE9324F700D80006B18C /* SceneDelegate.swift */; };
		F75EFE9624F700D80006B18C /* ViewController.swift in Sources */ = {isa = PBXBuildFile; fileRef = F75EFE9524F700D80006B18C /* ViewController.swift */; };
		F75EFE9924F700D80006B18C /* Main.storyboard in Resources */ = {isa = PBXBuildFile; fileRef = F75EFE9724F700D80006B18C /* Main.storyboard */; };
		F75EFE9B24F700D90006B18C /* Assets.xcassets in Resources */ = {isa = PBXBuildFile; fileRef = F75EFE9A24F700D90006B18C /* Assets.xcassets */; };
		F75EFE9E24F700D90006B18C /* LaunchScreen.storyboard in Resources */ = {isa = PBXBuildFile; fileRef = F75EFE9C24F700D90006B18C /* LaunchScreen.storyboard */; };
		F75EFEA624F702010006B18C /* DetailViewController.swift in Sources */ = {isa = PBXBuildFile; fileRef = F75EFEA524F702010006B18C /* DetailViewController.swift */; };
/* End PBXBuildFile section */

/* Begin PBXFileReference section */
		F75EFE8E24F700D70006B18C /* Milestone2_Challenge.app */ = {isa = PBXFileReference; explicitFileType = wrapper.application; includeInIndex = 0; path = Milestone2_Challenge.app; sourceTree = BUILT_PRODUCTS_DIR; };
		F75EFE9124F700D70006B18C /* AppDelegate.swift */ = {isa = PBXFileReference; lastKnownFileType = sourcecode.swift; path = AppDelegate.swift; sourceTree = "<group>"; };
		F75EFE9324F700D80006B18C /* SceneDelegate.swift */ = {isa = PBXFileReference; lastKnownFileType = sourcecode.swift; path = SceneDelegate.swift; sourceTree = "<group>"; };
		F75EFE9524F700D80006B18C /* ViewController.swift */ = {isa = PBXFileReference; lastKnownFileType = sourcecode.swift; path = ViewController.swift; sourceTree = "<group>"; };
		F75EFE9824F700D80006B18C /* Base */ = {isa = PBXFileReference; lastKnownFileType = file.storyboard; name = Base; path = Base.lproj/Main.storyboard; sourceTree = "<group>"; };
		F75EFE9A24F700D90006B18C /* Assets.xcassets */ = {isa = PBXFileReference; lastKnownFileType = folder.assetcatalog; path = Assets.xcassets; sourceTree = "<group>"; };
		F75EFE9D24F700D90006B18C /* Base */ = {isa = PBXFileReference; lastKnownFileType = file.storyboard; name = Base; path = Base.lproj/LaunchScreen.storyboard; sourceTree = "<group>"; };
		F75EFE9F24F700D90006B18C /* Info.plist */ = {isa = PBXFileReference; lastKnownFileType = text.plist.xml; path = Info.plist; sourceTree = "<group>"; };
		F75EFEA524F702010006B18C /* DetailViewController.swift */ = {isa = PBXFileReference; lastKnownFileType = sourcecode.swift; path = DetailViewController.swift; sourceTree = "<group>"; };
/* End PBXFileReference section */

/* Begin PBXFrameworksBuildPhase section */
		F75EFE8B24F700D70006B18C /* Frameworks */ = {
			isa = PBXFrameworksBuildPhase;
			buildActionMask = 2147483647;
			files = (
			);
			runOnlyForDeploymentPostprocessing = 0;
		};
/* End PBXFrameworksBuildPhase section */

/* Begin PBXGroup section */
		F75EFE8524F700D70006B18C = {
			isa = PBXGroup;
			children = (
				F75EFE9024F700D70006B18C /* Milestone2_Challenge */,
				F75EFE8F24F700D70006B18C /* Products */,
			);
			sourceTree = "<group>";
		};
		F75EFE8F24F700D70006B18C /* Products */ = {
			isa = PBXGroup;
			children = (
				F75EFE8E24F700D70006B18C /* Milestone2_Challenge.app */,
			);
			name = Products;
			sourceTree = "<group>";
		};
		F75EFE9024F700D70006B18C /* Milestone2_Challenge */ = {
			isa = PBXGroup;
			children = (
				F75EFE9124F700D70006B18C /* AppDelegate.swift */,
				F75EFE9324F700D80006B18C /* SceneDelegate.swift */,
				F75EFE9524F700D80006B18C /* ViewController.swift */,
				F75EFEA524F702010006B18C /* DetailViewController.swift */,
				F75EFE9724F700D80006B18C /* Main.storyboard */,
				F75EFE9A24F700D90006B18C /* Assets.xcassets */,
				F75EFE9C24F700D90006B18C /* LaunchScreen.storyboard */,
				F75EFE9F24F700D90006B18C /* Info.plist */,
			);
			path = Milestone2_Challenge;
			sourceTree = "<group>";
		};
/* End PBXGroup section */

/* Begin PBXNativeTarget section */
		F75EFE8D24F700D70006B18C /* Milestone2_Challenge */ = {
			isa = PBXNativeTarget;
			buildConfigurationList = F75EFEA224F700D90006B18C /* Build configuration list for PBXNativeTarget "Milestone2_Challenge" */;
			buildPhases = (
				F75EFE8A24F700D70006B18C /* Sources */,
				F75EFE8B24F700D70006B18C /* Frameworks */,
				F75EFE8C24F700D70006B18C /* Resources */,
			);
			buildRules = (
			);
			dependencies = (
			);
			name = Milestone2_Challenge;
			productName = Milestone2_Challenge;
			productReference = F75EFE8E24F700D70006B18C /* Milestone2_Challenge.app */;
			productType = "com.apple.product-type.application";
		};
/* End PBXNativeTarget section */

/* Begin PBXProject section */
		F75EFE8624F700D70006B18C /* Project object */ = {
			isa = PBXProject;
			attributes = {
				LastSwiftUpdateCheck = 1160;
				LastUpgradeCheck = 1160;
				ORGANIZATIONNAME = "Guillermo Lella";
				TargetAttributes = {
					F75EFE8D24F700D70006B18C = {
						CreatedOnToolsVersion = 11.6;
					};
				};
			};
			buildConfigurationList = F75EFE8924F700D70006B18C /* Build configuration list for PBXProject "Milestone2_Challenge" */;
			compatibilityVersion = "Xcode 9.3";
			developmentRegion = en;
			hasScannedForEncodings = 0;
			knownRegions = (
				en,
				Base,
			);
			mainGroup = F75EFE8524F700D70006B18C;
			productRefGroup = F75EFE8F24F700D70006B18C /* Products */;
			projectDirPath = "";
			projectRoot = "";
			targets = (
				F75EFE8D24F700D70006B18C /* Milestone2_Challenge */,
			);
		};
/* End PBXProject section */

/* Begin PBXResourcesBuildPhase section */
		F75EFE8C24F700D70006B18C /* Resources */ = {
			isa = PBXResourcesBuildPhase;
			buildActionMask = 2147483647;
			files = (
				F75EFE9E24F700D90006B18C /* LaunchScreen.storyboard in Resources */,
				F75EFE9B24F700D90006B18C /* Assets.xcassets in Resources */,
				F75EFE9924F700D80006B18C /* Main.storyboard in Resources */,
			);
			runOnlyForDeploymentPostprocessing = 0;
		};
/* End PBXResourcesBuildPhase section */

/* Begin PBXSourcesBuildPhase section */
		F75EFE8A24F700D70006B18C /* Sources */ = {
			isa = PBXSourcesBuildPhase;
			buildActionMask = 2147483647;
			files = (
				F75EFE9624F700D80006B18C /* ViewController.swift in Sources */,
				F75EFE9224F700D70006B18C /* AppDelegate.swift in Sources */,
				F75EFE9424F700D80006B18C /* SceneDelegate.swift in Sources */,
				F75EFEA624F702010006B18C /* DetailViewController.swift in Sources */,
			);
			runOnlyForDeploymentPostprocessing = 0;
		};
/* End PBXSourcesBuildPhase section */

/* Begin PBXVariantGroup section */
		F75EFE9724F700D80006B18C /* Main.storyboard */ = {
			isa = PBXVariantGroup;
			children = (
				F75EFE9824F700D80006B18C /* Base */,
			);
			name = Main.storyboard;
			sourceTree = "<group>";
		};
		F75EFE9C24F700D90006B18C /* LaunchScreen.storyboard */ = {
			isa = PBXVariantGroup;
			children = (
				F75EFE9D24F700D90006B18C /* Base */,
			);
			name = LaunchScreen.storyboard;
			sourceTree = "<group>";
		};
/* End PBXVariantGroup section */

/* Begin XCBuildConfiguration section */
		F75EFEA024F700D90006B18C /* Debug */ = {
			isa = XCBuildConfiguration;
			buildSettings = {
				ALWAYS_SEARCH_USER_PATHS = NO;
				CLANG_ANALYZER_NONNULL = YES;
				CLANG_ANALYZER_NUMBER_OBJECT_CONVERSION = YES_AGGRESSIVE;
				CLANG_CXX_LANGUAGE_STANDARD = "gnu++14";
				CLANG_CXX_LIBRARY = "libc++";
				CLANG_ENABLE_MODULES = YES;
				CLANG_ENABLE_OBJC_ARC = YES;
				CLANG_ENABLE_OBJC_WEAK = YES;
				CLANG_WARN_BLOCK_CAPTURE_AUTORELEASING = YES;
				CLANG_WARN_BOOL_CONVERSION = YES;
				CLANG_WARN_COMMA = YES;
				CLANG_WARN_CONSTANT_CONVERSION = YES;
				CLANG_WARN_DEPRECATED_OBJC_IMPLEMENTATIONS = YES;
				CLANG_WARN_DIRECT_OBJC_ISA_USAGE = YES_ERROR;
				CLANG_WARN_DOCUMENTATION_COMMENTS = YES;
				CLANG_WARN_EMPTY_BODY = YES;
				CLANG_WARN_ENUM_CONVERSION = YES;
				CLANG_WARN_INFINITE_RECURSION = YES;
				CLANG_WARN_INT_CONVERSION = YES;
				CLANG_WARN_NON_LITERAL_NULL_CONVERSION = YES;
				CLANG_WARN_OBJC_IMPLICIT_RETAIN_SELF = YES;
				CLANG_WARN_OBJC_LITERAL_CONVERSION = YES;
				CLANG_WARN_OBJC_ROOT_CLASS = YES_ERROR;
				CLANG_WARN_RANGE_LOOP_ANALYSIS = YES;
				CLANG_WARN_STRICT_PROTOTYPES = YES;
				CLANG_WARN_SUSPICIOUS_MOVE = YES;
				CLANG_WARN_UNGUARDED_AVAILABILITY = YES_AGGRESSIVE;
				CLANG_WARN_UNREACHABLE_CODE = YES;
				CLANG_WARN__DUPLICATE_METHOD_MATCH = YES;
				COPY_PHASE_STRIP = NO;
				DEBUG_INFORMATION_FORMAT = dwarf;
				ENABLE_STRICT_OBJC_MSGSEND = YES;
				ENABLE_TESTABILITY = YES;
				GCC_C_LANGUAGE_STANDARD = gnu11;
				GCC_DYNAMIC_NO_PIC = NO;
				GCC_NO_COMMON_BLOCKS = YES;
				GCC_OPTIMIZATION_LEVEL = 0;
				GCC_PREPROCESSOR_DEFINITIONS = (
					"DEBUG=1",
					"$(inherited)",
				);
				GCC_WARN_64_TO_32_BIT_CONVERSION = YES;
				GCC_WARN_ABOUT_RETURN_TYPE = YES_ERROR;
				GCC_WARN_UNDECLARED_SELECTOR = YES;
				GCC_WARN_UNINITIALIZED_AUTOS = YES_AGGRESSIVE;
				GCC_WARN_UNUSED_FUNCTION = YES;
				GCC_WARN_UNUSED_VARIABLE = YES;
				IPHONEOS_DEPLOYMENT_TARGET = 13.6;
				MTL_ENABLE_DEBUG_INFO = INCLUDE_SOURCE;
				MTL_FAST_MATH = YES;
				ONLY_ACTIVE_ARCH = YES;
				SDKROOT = iphoneos;
				SWIFT_ACTIVE_COMPILATION_CONDITIONS = DEBUG;
				SWIFT_OPTIMIZATION_LEVEL = "-Onone";
			};
			name = Debug;
		};
		F75EFEA124F700D90006B18C /* Release */ = {
			isa = XCBuildConfiguration;
			buildSettings = {
				ALWAYS_SEARCH_USER_PATHS = NO;
				CLANG_ANALYZER_NONNULL = YES;
				CLANG_ANALYZER_NUMBER_OBJECT_CONVERSION = YES_AGGRESSIVE;
				CLANG_CXX_LANGUAGE_STANDARD = "gnu++14";
				CLANG_CXX_LIBRARY = "libc++";
				CLANG_ENABLE_MODULES = YES;
				CLANG_ENABLE_OBJC_ARC = YES;
				CLANG_ENABLE_OBJC_WEAK = YES;
				CLANG_WARN_BLOCK_CAPTURE_AUTORELEASING = YES;
				CLANG_WARN_BOOL_CONVERSION = YES;
				CLANG_WARN_COMMA = YES;
				CLANG_WARN_CONSTANT_CONVERSION = YES;
				CLANG_WARN_DEPRECATED_OBJC_IMPLEMENTATIONS = YES;
				CLANG_WARN_DIRECT_OBJC_ISA_USAGE = YES_ERROR;
				CLANG_WARN_DOCUMENTATION_COMMENTS = YES;
				CLANG_WARN_EMPTY_BODY = YES;
				CLANG_WARN_ENUM_CONVERSION = YES;
				CLANG_WARN_INFINITE_RECURSION = YES;
				CLANG_WARN_INT_CONVERSION = YES;
				CLANG_WARN_NON_LITERAL_NULL_CONVERSION = YES;
				CLANG_WARN_OBJC_IMPLICIT_RETAIN_SELF = YES;
				CLANG_WARN_OBJC_LITERAL_CONVERSION = YES;
				CLANG_WARN_OBJC_ROOT_CLASS = YES_ERROR;
				CLANG_WARN_RANGE_LOOP_ANALYSIS = YES;
				CLANG_WARN_STRICT_PROTOTYPES = YES;
				CLANG_WARN_SUSPICIOUS_MOVE = YES;
				CLANG_WARN_UNGUARDED_AVAILABILITY = YES_AGGRESSIVE;
				CLANG_WARN_UNREACHABLE_CODE = YES;
				CLANG_WARN__DUPLICATE_METHOD_MATCH = YES;
				COPY_PHASE_STRIP = NO;
				DEBUG_INFORMATION_FORMAT = "dwarf-with-dsym";
				ENABLE_NS_ASSERTIONS = NO;
				ENABLE_STRICT_OBJC_MSGSEND = YES;
				GCC_C_LANGUAGE_STANDARD = gnu11;
				GCC_NO_COMMON_BLOCKS = YES;
				GCC_WARN_64_TO_32_BIT_CONVERSION = YES;
				GCC_WARN_ABOUT_RETURN_TYPE = YES_ERROR;
				GCC_WARN_UNDECLARED_SELECTOR = YES;
				GCC_WARN_UNINITIALIZED_AUTOS = YES_AGGRESSIVE;
				GCC_WARN_UNUSED_FUNCTION = YES;
				GCC_WARN_UNUSED_VARIABLE = YES;
				IPHONEOS_DEPLOYMENT_TARGET = 13.6;
				MTL_ENABLE_DEBUG_INFO = NO;
				MTL_FAST_MATH = YES;
				SDKROOT = iphoneos;
				SWIFT_COMPILATION_MODE = wholemodule;
				SWIFT_OPTIMIZATION_LEVEL = "-O";
				VALIDATE_PRODUCT = YES;
			};
			name = Release;
		};
		F75EFEA324F700D90006B18C /* Debug */ = {
			isa = XCBuildConfiguration;
			buildSettings = {
				ASSETCATALOG_COMPILER_APPICON_NAME = AppIcon;
				CODE_SIGN_STYLE = Automatic;
				DEVELOPMENT_TEAM = 424D45TKMJ;
				INFOPLIST_FILE = Milestone2_Challenge/Info.plist;
				LD_RUNPATH_SEARCH_PATHS = (
					"$(inherited)",
					"@executable_path/Frameworks",
				);
				PRODUCT_BUNDLE_IDENTIFIER = "com.glella.Milestone2-Challenge";
				PRODUCT_NAME = "$(TARGET_NAME)";
				SWIFT_VERSION = 5.0;
				TARGETED_DEVICE_FAMILY = "1,2";
			};
			name = Debug;
		};
		F75EFEA424F700D90006B18C /* Release */ = {
			isa = XCBuildConfiguration;
			buildSettings = {
				ASSETCATALOG_COMPILER_APPICON_NAME = AppIcon;
				CODE_SIGN_STYLE = Automatic;
				DEVELOPMENT_TEAM = 424D45TKMJ;
				INFOPLIST_FILE = Milestone2_Challenge/Info.plist;
				LD_RUNPATH_SEARCH_PATHS = (
					"$(inherited)",
					"@executable_path/Frameworks",
				);
				PRODUCT_BUNDLE_IDENTIFIER = "com.glella.Milestone2-Challenge";
				PRODUCT_NAME = "$(TARGET_NAME)";
				SWIFT_VERSION = 5.0;
				TARGETED_DEVICE_FAMILY = "1,2";
			};
			name = Release;
		};
/* End XCBuildConfiguration section */

/* Begin XCConfigurationList section */
		F75EFE8924F700D70006B18C /* Build configuration list for PBXProject "Milestone2_Challenge" */ = {
			isa = XCConfigurationList;
			buildConfigurations = (
				F75EFEA024F700D90006B18C /* Debug */,
				F75EFEA124F700D90006B18C /* Release */,
			);
			defaultConfigurationIsVisible = 0;
			defaultConfigurationName = Release;
		};
		F75EFEA224F700D90006B18C /* Build configuration list for PBXNativeTarget "Milestone2_Challenge" */ = {
			isa = XCConfigurationList;
			buildConfigurations = (
				F75EFEA324F700D90006B18C /* Debug */,
				F75EFEA424F700D90006B18C /* Release */,
			);
			defaultConfigurationIsVisible = 0;
			defaultConfigurationName = Release;
		};
/* End XCConfigurationList section */
	};
	rootObject = F75EFE8624F700D70006B18C /* Project object */;
}
