// !$*UTF8*$!
{
	archiveVersion = 1;
	classes = {
	};
	objectVersion = 50;
	objects = {

/* Begin PBXBuildFile section */
		F7D9F517250037BD00034C0C /* LiquidSwipeApp.swift in Sources */ = {isa = PBXBuildFile; fileRef = F7D9F516250037BD00034C0C /* LiquidSwipeApp.swift */; };
		F7D9F519250037BD00034C0C /* ContentView.swift in Sources */ = {isa = PBXBuildFile; fileRef = F7D9F518250037BD00034C0C /* ContentView.swift */; };
		F7D9F51B250037BE00034C0C /* Assets.xcassets in Resources */ = {isa = PBXBuildFile; fileRef = F7D9F51A250037BE00034C0C /* Assets.xcassets */; };
		F7D9F51E250037BE00034C0C /* Preview Assets.xcassets in Resources */ = {isa = PBXBuildFile; fileRef = F7D9F51D250037BE00034C0C /* Preview Assets.xcassets */; };
		F7D9F52625003C0100034C0C /* SliderData.swift in Sources */ = {isa = PBXBuildFile; fileRef = F7D9F52525003C0100034C0C /* SliderData.swift */; };
		F7D9F52825003FFB00034C0C /* WaveView.swift in Sources */ = {isa = PBXBuildFile; fileRef = F7D9F52725003FFB00034C0C /* WaveView.swift */; };
/* End PBXBuildFile section */

/* Begin PBXFileReference section */
		F7D9F513250037BD00034C0C /* LiquidSwipe.app */ = {isa = PBXFileReference; explicitFileType = wrapper.application; includeInIndex = 0; path = LiquidSwipe.app; sourceTree = BUILT_PRODUCTS_DIR; };
		F7D9F516250037BD00034C0C /* LiquidSwipeApp.swift */ = {isa = PBXFileReference; lastKnownFileType = sourcecode.swift; path = LiquidSwipeApp.swift; sourceTree = "<group>"; };
		F7D9F518250037BD00034C0C /* ContentView.swift */ = {isa = PBXFileReference; lastKnownFileType = sourcecode.swift; path = ContentView.swift; sourceTree = "<group>"; };
		F7D9F51A250037BE00034C0C /* Assets.xcassets */ = {isa = PBXFileReference; lastKnownFileType = folder.assetcatalog; path = Assets.xcassets; sourceTree = "<group>"; };
		F7D9F51D250037BE00034C0C /* Preview Assets.xcassets */ = {isa = PBXFileReference; lastKnownFileType = folder.assetcatalog; path = "Preview Assets.xcassets"; sourceTree = "<group>"; };
		F7D9F51F250037BE00034C0C /* Info.plist */ = {isa = PBXFileReference; lastKnownFileType = text.plist.xml; path = Info.plist; sourceTree = "<group>"; };
		F7D9F52525003C0100034C0C /* SliderData.swift */ = {isa = PBXFileReference; fileEncoding = 4; lastKnownFileType = sourcecode.swift; path = SliderData.swift; sourceTree = "<group>"; };
		F7D9F52725003FFB00034C0C /* WaveView.swift */ = {isa = PBXFileReference; fileEncoding = 4; lastKnownFileType = sourcecode.swift; path = WaveView.swift; sourceTree = "<group>"; };
/* End PBXFileReference section */

/* Begin PBXFrameworksBuildPhase section */
		F7D9F510250037BD00034C0C /* Frameworks */ = {
			isa = PBXFrameworksBuildPhase;
			buildActionMask = 2147483647;
			files = (
			);
			runOnlyForDeploymentPostprocessing = 0;
		};
/* End PBXFrameworksBuildPhase section */

/* Begin PBXGroup section */
		F7D9F50A250037BD00034C0C = {
			isa = PBXGroup;
			children = (
				F7D9F515250037BD00034C0C /* LiquidSwipe */,
				F7D9F514250037BD00034C0C /* Products */,
			);
			sourceTree = "<group>";
		};
		F7D9F514250037BD00034C0C /* Products */ = {
			isa = PBXGroup;
			children = (
				F7D9F513250037BD00034C0C /* LiquidSwipe.app */,
			);
			name = Products;
			sourceTree = "<group>";
		};
		F7D9F515250037BD00034C0C /* LiquidSwipe */ = {
			isa = PBXGroup;
			children = (
				F7D9F516250037BD00034C0C /* LiquidSwipeApp.swift */,
				F7D9F518250037BD00034C0C /* ContentView.swift */,
				F7D9F52525003C0100034C0C /* SliderData.swift */,
				F7D9F52725003FFB00034C0C /* WaveView.swift */,
				F7D9F51A250037BE00034C0C /* Assets.xcassets */,
				F7D9F51F250037BE00034C0C /* Info.plist */,
				F7D9F51C250037BE00034C0C /* Preview Content */,
			);
			path = LiquidSwipe;
			sourceTree = "<group>";
		};
		F7D9F51C250037BE00034C0C /* Preview Content */ = {
			isa = PBXGroup;
			children = (
				F7D9F51D250037BE00034C0C /* Preview Assets.xcassets */,
			);
			path = "Preview Content";
			sourceTree = "<group>";
		};
/* End PBXGroup section */

/* Begin PBXNativeTarget section */
		F7D9F512250037BD00034C0C /* LiquidSwipe */ = {
			isa = PBXNativeTarget;
			buildConfigurationList = F7D9F522250037BE00034C0C /* Build configuration list for PBXNativeTarget "LiquidSwipe" */;
			buildPhases = (
				F7D9F50F250037BD00034C0C /* Sources */,
				F7D9F510250037BD00034C0C /* Frameworks */,
				F7D9F511250037BD00034C0C /* Resources */,
			);
			buildRules = (
			);
			dependencies = (
			);
			name = LiquidSwipe;
			productName = LiquidSwipe;
			productReference = F7D9F513250037BD00034C0C /* LiquidSwipe.app */;
			productType = "com.apple.product-type.application";
		};
/* End PBXNativeTarget section */

/* Begin PBXProject section */
		F7D9F50B250037BD00034C0C /* Project object */ = {
			isa = PBXProject;
			attributes = {
				LastSwiftUpdateCheck = 1200;
				LastUpgradeCheck = 1200;
				TargetAttributes = {
					F7D9F512250037BD00034C0C = {
						CreatedOnToolsVersion = 12.0;
					};
				};
			};
			buildConfigurationList = F7D9F50E250037BD00034C0C /* Build configuration list for PBXProject "LiquidSwipe" */;
			compatibilityVersion = "Xcode 9.3";
			developmentRegion = en;
			hasScannedForEncodings = 0;
			knownRegions = (
				en,
				Base,
			);
			mainGroup = F7D9F50A250037BD00034C0C;
			productRefGroup = F7D9F514250037BD00034C0C /* Products */;
			projectDirPath = "";
			projectRoot = "";
			targets = (
				F7D9F512250037BD00034C0C /* LiquidSwipe */,
			);
		};
/* End PBXProject section */

/* Begin PBXResourcesBuildPhase section */
		F7D9F511250037BD00034C0C /* Resources */ = {
			isa = PBXResourcesBuildPhase;
			buildActionMask = 2147483647;
			files = (
				F7D9F51E250037BE00034C0C /* Preview Assets.xcassets in Resources */,
				F7D9F51B250037BE00034C0C /* Assets.xcassets in Resources */,
			);
			runOnlyForDeploymentPostprocessing = 0;
		};
/* End PBXResourcesBuildPhase section */

/* Begin PBXSourcesBuildPhase section */
		F7D9F50F250037BD00034C0C /* Sources */ = {
			isa = PBXSourcesBuildPhase;
			buildActionMask = 2147483647;
			files = (
				F7D9F52625003C0100034C0C /* SliderData.swift in Sources */,
				F7D9F519250037BD00034C0C /* ContentView.swift in Sources */,
				F7D9F517250037BD00034C0C /* LiquidSwipeApp.swift in Sources */,
				F7D9F52825003FFB00034C0C /* WaveView.swift in Sources */,
			);
			runOnlyForDeploymentPostprocessing = 0;
		};
/* End PBXSourcesBuildPhase section */

/* Begin XCBuildConfiguration section */
		F7D9F520250037BE00034C0C /* Debug */ = {
			isa = XCBuildConfiguration;
			buildSettings = {
				ALWAYS_SEARCH_USER_PATHS = NO;
				CLANG_ANALYZER_NONNULL = YES;
				CLANG_ANALYZER_NUMBER_OBJECT_CONVERSION = YES_AGGRESSIVE;
				CLANG_CXX_LANGUAGE_STANDARD = "gnu++14";
				CLANG_CXX_LIBRARY = "libc++";
				CLANG_ENABLE_MODULES = YES;
				CLANG_ENABLE_OBJC_ARC = YES;
				CLANG_ENABLE_OBJC_WEAK = YES;
				CLANG_WARN_BLOCK_CAPTURE_AUTORELEASING = YES;
				CLANG_WARN_BOOL_CONVERSION = YES;
				CLANG_WARN_COMMA = YES;
				CLANG_WARN_CONSTANT_CONVERSION = YES;
				CLANG_WARN_DEPRECATED_OBJC_IMPLEMENTATIONS = YES;
				CLANG_WARN_DIRECT_OBJC_ISA_USAGE = YES_ERROR;
				CLANG_WARN_DOCUMENTATION_COMMENTS = YES;
				CLANG_WARN_EMPTY_BODY = YES;
				CLANG_WARN_ENUM_CONVERSION = YES;
				CLANG_WARN_INFINITE_RECURSION = YES;
				CLANG_WARN_INT_CONVERSION = YES;
				CLANG_WARN_NON_LITERAL_NULL_CONVERSION = YES;
				CLANG_WARN_OBJC_IMPLICIT_RETAIN_SELF = YES;
				CLANG_WARN_OBJC_LITERAL_CONVERSION = YES;
				CLANG_WARN_OBJC_ROOT_CLASS = YES_ERROR;
				CLANG_WARN_QUOTED_INCLUDE_IN_FRAMEWORK_HEADER = YES;
				CLANG_WARN_RANGE_LOOP_ANALYSIS = YES;
				CLANG_WARN_STRICT_PROTOTYPES = YES;
				CLANG_WARN_SUSPICIOUS_MOVE = YES;
				CLANG_WARN_UNGUARDED_AVAILABILITY = YES_AGGRESSIVE;
				CLANG_WARN_UNREACHABLE_CODE = YES;
				CLANG_WARN__DUPLICATE_METHOD_MATCH = YES;
				COPY_PHASE_STRIP = NO;
				DEBUG_INFORMATION_FORMAT = dwarf;
				ENABLE_STRICT_OBJC_MSGSEND = YES;
				ENABLE_TESTABILITY = YES;
				GCC_C_LANGUAGE_STANDARD = gnu11;
				GCC_DYNAMIC_NO_PIC = NO;
				GCC_NO_COMMON_BLOCKS = YES;
				GCC_OPTIMIZATION_LEVEL = 0;
				GCC_PREPROCESSOR_DEFINITIONS = (
					"DEBUG=1",
					"$(inherited)",
				);
				GCC_WARN_64_TO_32_BIT_CONVERSION = YES;
				GCC_WARN_ABOUT_RETURN_TYPE = YES_ERROR;
				GCC_WARN_UNDECLARED_SELECTOR = YES;
				GCC_WARN_UNINITIALIZED_AUTOS = YES_AGGRESSIVE;
				GCC_WARN_UNUSED_FUNCTION = YES;
				GCC_WARN_UNUSED_VARIABLE = YES;
				IPHONEOS_DEPLOYMENT_TARGET = 14.0;
				MTL_ENABLE_DEBUG_INFO = INCLUDE_SOURCE;
				MTL_FAST_MATH = YES;
				ONLY_ACTIVE_ARCH = YES;
				SDKROOT = iphoneos;
				SWIFT_ACTIVE_COMPILATION_CONDITIONS = DEBUG;
				SWIFT_OPTIMIZATION_LEVEL = "-Onone";
			};
			name = Debug;
		};
		F7D9F521250037BE00034C0C /* Release */ = {
			isa = XCBuildConfiguration;
			buildSettings = {
				ALWAYS_SEARCH_USER_PATHS = NO;
				CLANG_ANALYZER_NONNULL = YES;
				CLANG_ANALYZER_NUMBER_OBJECT_CONVERSION = YES_AGGRESSIVE;
				CLANG_CXX_LANGUAGE_STANDARD = "gnu++14";
				CLANG_CXX_LIBRARY = "libc++";
				CLANG_ENABLE_MODULES = YES;
				CLANG_ENABLE_OBJC_ARC = YES;
				CLANG_ENABLE_OBJC_WEAK = YES;
				CLANG_WARN_BLOCK_CAPTURE_AUTORELEASING = YES;
				CLANG_WARN_BOOL_CONVERSION = YES;
				CLANG_WARN_COMMA = YES;
				CLANG_WARN_CONSTANT_CONVERSION = YES;
				CLANG_WARN_DEPRECATED_OBJC_IMPLEMENTATIONS = YES;
				CLANG_WARN_DIRECT_OBJC_ISA_USAGE = YES_ERROR;
				CLANG_WARN_DOCUMENTATION_COMMENTS = YES;
				CLANG_WARN_EMPTY_BODY = YES;
				CLANG_WARN_ENUM_CONVERSION = YES;
				CLANG_WARN_INFINITE_RECURSION = YES;
				CLANG_WARN_INT_CONVERSION = YES;
				CLANG_WARN_NON_LITERAL_NULL_CONVERSION = YES;
				CLANG_WARN_OBJC_IMPLICIT_RETAIN_SELF = YES;
				CLANG_WARN_OBJC_LITERAL_CONVERSION = YES;
				CLANG_WARN_OBJC_ROOT_CLASS = YES_ERROR;
				CLANG_WARN_QUOTED_INCLUDE_IN_FRAMEWORK_HEADER = YES;
				CLANG_WARN_RANGE_LOOP_ANALYSIS = YES;
				CLANG_WARN_STRICT_PROTOTYPES = YES;
				CLANG_WARN_SUSPICIOUS_MOVE = YES;
				CLANG_WARN_UNGUARDED_AVAILABILITY = YES_AGGRESSIVE;
				CLANG_WARN_UNREACHABLE_CODE = YES;
				CLANG_WARN__DUPLICATE_METHOD_MATCH = YES;
				COPY_PHASE_STRIP = NO;
				DEBUG_INFORMATION_FORMAT = "dwarf-with-dsym";
				ENABLE_NS_ASSERTIONS = NO;
				ENABLE_STRICT_OBJC_MSGSEND = YES;
				GCC_C_LANGUAGE_STANDARD = gnu11;
				GCC_NO_COMMON_BLOCKS = YES;
				GCC_WARN_64_TO_32_BIT_CONVERSION = YES;
				GCC_WARN_ABOUT_RETURN_TYPE = YES_ERROR;
				GCC_WARN_UNDECLARED_SELECTOR = YES;
				GCC_WARN_UNINITIALIZED_AUTOS = YES_AGGRESSIVE;
				GCC_WARN_UNUSED_FUNCTION = YES;
				GCC_WARN_UNUSED_VARIABLE = YES;
				IPHONEOS_DEPLOYMENT_TARGET = 14.0;
				MTL_ENABLE_DEBUG_INFO = NO;
				MTL_FAST_MATH = YES;
				SDKROOT = iphoneos;
				SWIFT_COMPILATION_MODE = wholemodule;
				SWIFT_OPTIMIZATION_LEVEL = "-O";
				VALIDATE_PRODUCT = YES;
			};
			name = Release;
		};
		F7D9F523250037BE00034C0C /* Debug */ = {
			isa = XCBuildConfiguration;
			buildSettings = {
				ASSETCATALOG_COMPILER_APPICON_NAME = AppIcon;
				ASSETCATALOG_COMPILER_GLOBAL_ACCENT_COLOR_NAME = AccentColor;
				CODE_SIGN_STYLE = Automatic;
				DEVELOPMENT_ASSET_PATHS = "\"LiquidSwipe/Preview Content\"";
				DEVELOPMENT_TEAM = 2C5BW4MB4V;
				ENABLE_PREVIEWS = YES;
				INFOPLIST_FILE = LiquidSwipe/Info.plist;
				IPHONEOS_DEPLOYMENT_TARGET = 14.0;
				LD_RUNPATH_SEARCH_PATHS = (
					"$(inherited)",
					"@executable_path/Frameworks",
				);
				PRODUCT_BUNDLE_IDENTIFIER = com.glella.LiquidSwipe;
				PRODUCT_NAME = "$(TARGET_NAME)";
				SWIFT_VERSION = 5.0;
				TARGETED_DEVICE_FAMILY = "1,2";
			};
			name = Debug;
		};
		F7D9F524250037BE00034C0C /* Release */ = {
			isa = XCBuildConfiguration;
			buildSettings = {
				ASSETCATALOG_COMPILER_APPICON_NAME = AppIcon;
				ASSETCATALOG_COMPILER_GLOBAL_ACCENT_COLOR_NAME = AccentColor;
				CODE_SIGN_STYLE = Automatic;
				DEVELOPMENT_ASSET_PATHS = "\"LiquidSwipe/Preview Content\"";
				DEVELOPMENT_TEAM = 2C5BW4MB4V;
				ENABLE_PREVIEWS = YES;
				INFOPLIST_FILE = LiquidSwipe/Info.plist;
				IPHONEOS_DEPLOYMENT_TARGET = 14.0;
				LD_RUNPATH_SEARCH_PATHS = (
					"$(inherited)",
					"@executable_path/Frameworks",
				);
				PRODUCT_BUNDLE_IDENTIFIER = com.glella.LiquidSwipe;
				PRODUCT_NAME = "$(TARGET_NAME)";
				SWIFT_VERSION = 5.0;
				TARGETED_DEVICE_FAMILY = "1,2";
			};
			name = Release;
		};
/* End XCBuildConfiguration section */

/* Begin XCConfigurationList section */
		F7D9F50E250037BD00034C0C /* Build configuration list for PBXProject "LiquidSwipe" */ = {
			isa = XCConfigurationList;
			buildConfigurations = (
				F7D9F520250037BE00034C0C /* Debug */,
				F7D9F521250037BE00034C0C /* Release */,
			);
			defaultConfigurationIsVisible = 0;
			defaultConfigurationName = Release;
		};
		F7D9F522250037BE00034C0C /* Build configuration list for PBXNativeTarget "LiquidSwipe" */ = {
			isa = XCConfigurationList;
			buildConfigurations = (
				F7D9F523250037BE00034C0C /* Debug */,
				F7D9F524250037BE00034C0C /* Release */,
			);
			defaultConfigurationIsVisible = 0;
			defaultConfigurationName = Release;
		};
/* End XCConfigurationList section */
	};
	rootObject = F7D9F50B250037BD00034C0C /* Project object */;
}
