// !$*UTF8*$!
{
	archiveVersion = 1;
	classes = {
	};
	objectVersion = 50;
	objects = {

/* Begin PBXBuildFile section */
		F71039FB25EDD7A00019931A /* Minimax.swift in Sources */ = {isa = PBXBuildFile; fileRef = F71039FA25EDD7A00019931A /* Minimax.swift */; };
		F72DCE2325EBF6E200723346 /* AppDelegate.swift in Sources */ = {isa = PBXBuildFile; fileRef = F72DCE2225EBF6E200723346 /* AppDelegate.swift */; };
		F72DCE2525EBF6E200723346 /* SceneDelegate.swift in Sources */ = {isa = PBXBuildFile; fileRef = F72DCE2425EBF6E200723346 /* SceneDelegate.swift */; };
		F72DCE2725EBF6E200723346 /* ViewController.swift in Sources */ = {isa = PBXBuildFile; fileRef = F72DCE2625EBF6E200723346 /* ViewController.swift */; };
		F72DCE2A25EBF6E200723346 /* Main.storyboard in Resources */ = {isa = PBXBuildFile; fileRef = F72DCE2825EBF6E200723346 /* Main.storyboard */; };
		F72DCE2C25EBF6E300723346 /* Assets.xcassets in Resources */ = {isa = PBXBuildFile; fileRef = F72DCE2B25EBF6E300723346 /* Assets.xcassets */; };
		F72DCE2F25EBF6E300723346 /* LaunchScreen.storyboard in Resources */ = {isa = PBXBuildFile; fileRef = F72DCE2D25EBF6E300723346 /* LaunchScreen.storyboard */; };
		F72DCE4725EC5F2500723346 /* Nought.png in Resources */ = {isa = PBXBuildFile; fileRef = F72DCE4425EC5F2400723346 /* Nought.png */; };
		F72DCE4825EC5F2500723346 /* Board.png in Resources */ = {isa = PBXBuildFile; fileRef = F72DCE4525EC5F2500723346 /* Board.png */; };
		F72DCE4925EC5F2500723346 /* Cross.png in Resources */ = {isa = PBXBuildFile; fileRef = F72DCE4625EC5F2500723346 /* Cross.png */; };
		F72DCE4C25EC785700723346 /* Board.swift in Sources */ = {isa = PBXBuildFile; fileRef = F72DCE4B25EC785700723346 /* Board.swift */; };
		F7A048F325F58C2A00A18955 /* libminimax.a in Frameworks */ = {isa = PBXBuildFile; fileRef = F7A048F225F58C2A00A18955 /* libminimax.a */; };
/* End PBXBuildFile section */

/* Begin PBXFileReference section */
		F71039FA25EDD7A00019931A /* Minimax.swift */ = {isa = PBXFileReference; lastKnownFileType = sourcecode.swift; path = Minimax.swift; sourceTree = "<group>"; };
		F72DCE1F25EBF6E200723346 /* TicTacToe.app */ = {isa = PBXFileReference; explicitFileType = wrapper.application; includeInIndex = 0; path = TicTacToe.app; sourceTree = BUILT_PRODUCTS_DIR; };
		F72DCE2225EBF6E200723346 /* AppDelegate.swift */ = {isa = PBXFileReference; lastKnownFileType = sourcecode.swift; path = AppDelegate.swift; sourceTree = "<group>"; };
		F72DCE2425EBF6E200723346 /* SceneDelegate.swift */ = {isa = PBXFileReference; lastKnownFileType = sourcecode.swift; path = SceneDelegate.swift; sourceTree = "<group>"; };
		F72DCE2625EBF6E200723346 /* ViewController.swift */ = {isa = PBXFileReference; lastKnownFileType = sourcecode.swift; path = ViewController.swift; sourceTree = "<group>"; };
		F72DCE2925EBF6E200723346 /* Base */ = {isa = PBXFileReference; lastKnownFileType = file.storyboard; name = Base; path = Base.lproj/Main.storyboard; sourceTree = "<group>"; };
		F72DCE2B25EBF6E300723346 /* Assets.xcassets */ = {isa = PBXFileReference; lastKnownFileType = folder.assetcatalog; path = Assets.xcassets; sourceTree = "<group>"; };
		F72DCE2E25EBF6E300723346 /* Base */ = {isa = PBXFileReference; lastKnownFileType = file.storyboard; name = Base; path = Base.lproj/LaunchScreen.storyboard; sourceTree = "<group>"; };
		F72DCE3025EBF6E300723346 /* Info.plist */ = {isa = PBXFileReference; lastKnownFileType = text.plist.xml; path = Info.plist; sourceTree = "<group>"; };
		F72DCE4425EC5F2400723346 /* Nought.png */ = {isa = PBXFileReference; lastKnownFileType = image.png; path = Nought.png; sourceTree = "<group>"; };
		F72DCE4525EC5F2500723346 /* Board.png */ = {isa = PBXFileReference; lastKnownFileType = image.png; path = Board.png; sourceTree = "<group>"; };
		F72DCE4625EC5F2500723346 /* Cross.png */ = {isa = PBXFileReference; lastKnownFileType = image.png; path = Cross.png; sourceTree = "<group>"; };
		F72DCE4B25EC785700723346 /* Board.swift */ = {isa = PBXFileReference; lastKnownFileType = sourcecode.swift; path = Board.swift; sourceTree = "<group>"; };
		F7A048E925F58A9700A18955 /* TicTacToe-Bridging-Header.h */ = {isa = PBXFileReference; lastKnownFileType = sourcecode.c.h; path = "TicTacToe-Bridging-Header.h"; sourceTree = "<group>"; };
		F7A048EA25F58A9700A18955 /* minimaxlib.h */ = {isa = PBXFileReference; lastKnownFileType = sourcecode.c.h; path = minimaxlib.h; sourceTree = "<group>"; };
		F7A048F225F58C2A00A18955 /* libminimax.a */ = {isa = PBXFileReference; lastKnownFileType = archive.ar; path = libminimax.a; sourceTree = "<group>"; };
/* End PBXFileReference section */

/* Begin PBXFrameworksBuildPhase section */
		F72DCE1C25EBF6E200723346 /* Frameworks */ = {
			isa = PBXFrameworksBuildPhase;
			buildActionMask = 2147483647;
			files = (
				F7A048F325F58C2A00A18955 /* libminimax.a in Frameworks */,
			);
			runOnlyForDeploymentPostprocessing = 0;
		};
/* End PBXFrameworksBuildPhase section */

/* Begin PBXGroup section */
		F72DCE1625EBF6E200723346 = {
			isa = PBXGroup;
			children = (
				F7A048E825F58A2B00A18955 /* Minimax */,
				F72DCE4325EC5F0B00723346 /* Assets */,
				F72DCE2125EBF6E200723346 /* TicTacToe */,
				F72DCE2025EBF6E200723346 /* Products */,
			);
			sourceTree = "<group>";
		};
		F72DCE2025EBF6E200723346 /* Products */ = {
			isa = PBXGroup;
			children = (
				F72DCE1F25EBF6E200723346 /* TicTacToe.app */,
			);
			name = Products;
			sourceTree = "<group>";
		};
		F72DCE2125EBF6E200723346 /* TicTacToe */ = {
			isa = PBXGroup;
			children = (
				F72DCE2225EBF6E200723346 /* AppDelegate.swift */,
				F72DCE2425EBF6E200723346 /* SceneDelegate.swift */,
				F72DCE2625EBF6E200723346 /* ViewController.swift */,
				F72DCE4B25EC785700723346 /* Board.swift */,
				F71039FA25EDD7A00019931A /* Minimax.swift */,
				F72DCE2825EBF6E200723346 /* Main.storyboard */,
				F72DCE2B25EBF6E300723346 /* Assets.xcassets */,
				F72DCE2D25EBF6E300723346 /* LaunchScreen.storyboard */,
				F72DCE3025EBF6E300723346 /* Info.plist */,
			);
			path = TicTacToe;
			sourceTree = "<group>";
		};
		F72DCE4325EC5F0B00723346 /* Assets */ = {
			isa = PBXGroup;
			children = (
				F72DCE4525EC5F2500723346 /* Board.png */,
				F72DCE4625EC5F2500723346 /* Cross.png */,
				F72DCE4425EC5F2400723346 /* Nought.png */,
			);
			path = Assets;
			sourceTree = "<group>";
		};
		F7A048E825F58A2B00A18955 /* Minimax */ = {
			isa = PBXGroup;
			children = (
				F7A048F225F58C2A00A18955 /* libminimax.a */,
				F7A048EA25F58A9700A18955 /* minimaxlib.h */,
				F7A048E925F58A9700A18955 /* TicTacToe-Bridging-Header.h */,
			);
			path = Minimax;
			sourceTree = "<group>";
		};
/* End PBXGroup section */

/* Begin PBXNativeTarget section */
		F72DCE1E25EBF6E200723346 /* TicTacToe */ = {
			isa = PBXNativeTarget;
			buildConfigurationList = F72DCE3325EBF6E300723346 /* Build configuration list for PBXNativeTarget "TicTacToe" */;
			buildPhases = (
				F7A048EF25F58ADE00A18955 /* ShellScript */,
				F72DCE1B25EBF6E200723346 /* Sources */,
				F72DCE1C25EBF6E200723346 /* Frameworks */,
				F72DCE1D25EBF6E200723346 /* Resources */,
			);
			buildRules = (
			);
			dependencies = (
			);
			name = TicTacToe;
			productName = TicTacToe;
			productReference = F72DCE1F25EBF6E200723346 /* TicTacToe.app */;
			productType = "com.apple.product-type.application";
		};
/* End PBXNativeTarget section */

/* Begin PBXProject section */
		F72DCE1725EBF6E200723346 /* Project object */ = {
			isa = PBXProject;
			attributes = {
				LastSwiftUpdateCheck = 1240;
				LastUpgradeCheck = 1240;
				TargetAttributes = {
					F72DCE1E25EBF6E200723346 = {
						CreatedOnToolsVersion = 12.4;
						LastSwiftMigration = 1240;
					};
				};
			};
			buildConfigurationList = F72DCE1A25EBF6E200723346 /* Build configuration list for PBXProject "TicTacToe" */;
			compatibilityVersion = "Xcode 9.3";
			developmentRegion = en;
			hasScannedForEncodings = 0;
			knownRegions = (
				en,
				Base,
			);
			mainGroup = F72DCE1625EBF6E200723346;
			productRefGroup = F72DCE2025EBF6E200723346 /* Products */;
			projectDirPath = "";
			projectRoot = "";
			targets = (
				F72DCE1E25EBF6E200723346 /* TicTacToe */,
			);
		};
/* End PBXProject section */

/* Begin PBXResourcesBuildPhase section */
		F72DCE1D25EBF6E200723346 /* Resources */ = {
			isa = PBXResourcesBuildPhase;
			buildActionMask = 2147483647;
			files = (
				F72DCE4825EC5F2500723346 /* Board.png in Resources */,
				F72DCE2F25EBF6E300723346 /* LaunchScreen.storyboard in Resources */,
				F72DCE2C25EBF6E300723346 /* Assets.xcassets in Resources */,
				F72DCE4725EC5F2500723346 /* Nought.png in Resources */,
				F72DCE4925EC5F2500723346 /* Cross.png in Resources */,
				F72DCE2A25EBF6E200723346 /* Main.storyboard in Resources */,
			);
			runOnlyForDeploymentPostprocessing = 0;
		};
/* End PBXResourcesBuildPhase section */

/* Begin PBXShellScriptBuildPhase section */
		F7A048EF25F58ADE00A18955 /* ShellScript */ = {
			isa = PBXShellScriptBuildPhase;
			buildActionMask = 2147483647;
			files = (
			);
			inputFileListPaths = (
			);
			inputPaths = (
			);
			outputFileListPaths = (
			);
			outputPaths = (
			);
			runOnlyForDeploymentPostprocessing = 0;
			shellPath = /bin/bash;
			shellScript = "set -e\n# Location of rust project\nRUST_FOLDER=\"/Users/guillermolella/Documents/Programming/Rust/minimax\"\n# Location of the \"Minimax\" folder in the iOS project\nXCODE_FOLDER=\"$PROJECT_DIR/Minimax\"\n# Provide access to Rust utilities\nPATH=\"$PATH:/Users/guillermolella/.cargo/bin\"\n# Rust target lib \nRUST_TARGET=\"/Users/guillermolella/Documents/Programming/Rust/minimax/target/universal/release/libminimax.a\"\n\ncd \"$RUST_FOLDER\"\n# Generate C bindings\ncbindgen src/lib.rs -l c > minimaxlib.h\n# Build for iOS architectures\ncargo lipo --release\n# Copy resources to the iOS folder, overwriting old ones\ncp minimaxlib.h \"$XCODE_FOLDER\"\ncp \"$RUST_TARGET\" \"$XCODE_FOLDER\"\n";
		};
/* End PBXShellScriptBuildPhase section */

/* Begin PBXSourcesBuildPhase section */
		F72DCE1B25EBF6E200723346 /* Sources */ = {
			isa = PBXSourcesBuildPhase;
			buildActionMask = 2147483647;
			files = (
				F72DCE2725EBF6E200723346 /* ViewController.swift in Sources */,
				F72DCE2325EBF6E200723346 /* AppDelegate.swift in Sources */,
				F72DCE4C25EC785700723346 /* Board.swift in Sources */,
				F71039FB25EDD7A00019931A /* Minimax.swift in Sources */,
				F72DCE2525EBF6E200723346 /* SceneDelegate.swift in Sources */,
			);
			runOnlyForDeploymentPostprocessing = 0;
		};
/* End PBXSourcesBuildPhase section */

/* Begin PBXVariantGroup section */
		F72DCE2825EBF6E200723346 /* Main.storyboard */ = {
			isa = PBXVariantGroup;
			children = (
				F72DCE2925EBF6E200723346 /* Base */,
			);
			name = Main.storyboard;
			sourceTree = "<group>";
		};
		F72DCE2D25EBF6E300723346 /* LaunchScreen.storyboard */ = {
			isa = PBXVariantGroup;
			children = (
				F72DCE2E25EBF6E300723346 /* Base */,
			);
			name = LaunchScreen.storyboard;
			sourceTree = "<group>";
		};
/* End PBXVariantGroup section */

/* Begin XCBuildConfiguration section */
		F72DCE3125EBF6E300723346 /* Debug */ = {
			isa = XCBuildConfiguration;
			buildSettings = {
				ALWAYS_SEARCH_USER_PATHS = NO;
				CLANG_ANALYZER_NONNULL = YES;
				CLANG_ANALYZER_NUMBER_OBJECT_CONVERSION = YES_AGGRESSIVE;
				CLANG_CXX_LANGUAGE_STANDARD = "gnu++14";
				CLANG_CXX_LIBRARY = "libc++";
				CLANG_ENABLE_MODULES = YES;
				CLANG_ENABLE_OBJC_ARC = YES;
				CLANG_ENABLE_OBJC_WEAK = YES;
				CLANG_WARN_BLOCK_CAPTURE_AUTORELEASING = YES;
				CLANG_WARN_BOOL_CONVERSION = YES;
				CLANG_WARN_COMMA = YES;
				CLANG_WARN_CONSTANT_CONVERSION = YES;
				CLANG_WARN_DEPRECATED_OBJC_IMPLEMENTATIONS = YES;
				CLANG_WARN_DIRECT_OBJC_ISA_USAGE = YES_ERROR;
				CLANG_WARN_DOCUMENTATION_COMMENTS = YES;
				CLANG_WARN_EMPTY_BODY = YES;
				CLANG_WARN_ENUM_CONVERSION = YES;
				CLANG_WARN_INFINITE_RECURSION = YES;
				CLANG_WARN_INT_CONVERSION = YES;
				CLANG_WARN_NON_LITERAL_NULL_CONVERSION = YES;
				CLANG_WARN_OBJC_IMPLICIT_RETAIN_SELF = YES;
				CLANG_WARN_OBJC_LITERAL_CONVERSION = YES;
				CLANG_WARN_OBJC_ROOT_CLASS = YES_ERROR;
				CLANG_WARN_QUOTED_INCLUDE_IN_FRAMEWORK_HEADER = YES;
				CLANG_WARN_RANGE_LOOP_ANALYSIS = YES;
				CLANG_WARN_STRICT_PROTOTYPES = YES;
				CLANG_WARN_SUSPICIOUS_MOVE = YES;
				CLANG_WARN_UNGUARDED_AVAILABILITY = YES_AGGRESSIVE;
				CLANG_WARN_UNREACHABLE_CODE = YES;
				CLANG_WARN__DUPLICATE_METHOD_MATCH = YES;
				COPY_PHASE_STRIP = NO;
				DEBUG_INFORMATION_FORMAT = dwarf;
				ENABLE_STRICT_OBJC_MSGSEND = YES;
				ENABLE_TESTABILITY = YES;
				GCC_C_LANGUAGE_STANDARD = gnu11;
				GCC_DYNAMIC_NO_PIC = NO;
				GCC_NO_COMMON_BLOCKS = YES;
				GCC_OPTIMIZATION_LEVEL = 0;
				GCC_PREPROCESSOR_DEFINITIONS = (
					"DEBUG=1",
					"$(inherited)",
				);
				GCC_WARN_64_TO_32_BIT_CONVERSION = YES;
				GCC_WARN_ABOUT_RETURN_TYPE = YES_ERROR;
				GCC_WARN_UNDECLARED_SELECTOR = YES;
				GCC_WARN_UNINITIALIZED_AUTOS = YES_AGGRESSIVE;
				GCC_WARN_UNUSED_FUNCTION = YES;
				GCC_WARN_UNUSED_VARIABLE = YES;
				IPHONEOS_DEPLOYMENT_TARGET = 14.4;
				MTL_ENABLE_DEBUG_INFO = INCLUDE_SOURCE;
				MTL_FAST_MATH = YES;
				ONLY_ACTIVE_ARCH = YES;
				SDKROOT = iphoneos;
				SWIFT_ACTIVE_COMPILATION_CONDITIONS = DEBUG;
				SWIFT_OPTIMIZATION_LEVEL = "-Onone";
			};
			name = Debug;
		};
		F72DCE3225EBF6E300723346 /* Release */ = {
			isa = XCBuildConfiguration;
			buildSettings = {
				ALWAYS_SEARCH_USER_PATHS = NO;
				CLANG_ANALYZER_NONNULL = YES;
				CLANG_ANALYZER_NUMBER_OBJECT_CONVERSION = YES_AGGRESSIVE;
				CLANG_CXX_LANGUAGE_STANDARD = "gnu++14";
				CLANG_CXX_LIBRARY = "libc++";
				CLANG_ENABLE_MODULES = YES;
				CLANG_ENABLE_OBJC_ARC = YES;
				CLANG_ENABLE_OBJC_WEAK = YES;
				CLANG_WARN_BLOCK_CAPTURE_AUTORELEASING = YES;
				CLANG_WARN_BOOL_CONVERSION = YES;
				CLANG_WARN_COMMA = YES;
				CLANG_WARN_CONSTANT_CONVERSION = YES;
				CLANG_WARN_DEPRECATED_OBJC_IMPLEMENTATIONS = YES;
				CLANG_WARN_DIRECT_OBJC_ISA_USAGE = YES_ERROR;
				CLANG_WARN_DOCUMENTATION_COMMENTS = YES;
				CLANG_WARN_EMPTY_BODY = YES;
				CLANG_WARN_ENUM_CONVERSION = YES;
				CLANG_WARN_INFINITE_RECURSION = YES;
				CLANG_WARN_INT_CONVERSION = YES;
				CLANG_WARN_NON_LITERAL_NULL_CONVERSION = YES;
				CLANG_WARN_OBJC_IMPLICIT_RETAIN_SELF = YES;
				CLANG_WARN_OBJC_LITERAL_CONVERSION = YES;
				CLANG_WARN_OBJC_ROOT_CLASS = YES_ERROR;
				CLANG_WARN_QUOTED_INCLUDE_IN_FRAMEWORK_HEADER = YES;
				CLANG_WARN_RANGE_LOOP_ANALYSIS = YES;
				CLANG_WARN_STRICT_PROTOTYPES = YES;
				CLANG_WARN_SUSPICIOUS_MOVE = YES;
				CLANG_WARN_UNGUARDED_AVAILABILITY = YES_AGGRESSIVE;
				CLANG_WARN_UNREACHABLE_CODE = YES;
				CLANG_WARN__DUPLICATE_METHOD_MATCH = YES;
				COPY_PHASE_STRIP = NO;
				DEBUG_INFORMATION_FORMAT = "dwarf-with-dsym";
				ENABLE_NS_ASSERTIONS = NO;
				ENABLE_STRICT_OBJC_MSGSEND = YES;
				GCC_C_LANGUAGE_STANDARD = gnu11;
				GCC_NO_COMMON_BLOCKS = YES;
				GCC_WARN_64_TO_32_BIT_CONVERSION = YES;
				GCC_WARN_ABOUT_RETURN_TYPE = YES_ERROR;
				GCC_WARN_UNDECLARED_SELECTOR = YES;
				GCC_WARN_UNINITIALIZED_AUTOS = YES_AGGRESSIVE;
				GCC_WARN_UNUSED_FUNCTION = YES;
				GCC_WARN_UNUSED_VARIABLE = YES;
				IPHONEOS_DEPLOYMENT_TARGET = 14.4;
				MTL_ENABLE_DEBUG_INFO = NO;
				MTL_FAST_MATH = YES;
				SDKROOT = iphoneos;
				SWIFT_COMPILATION_MODE = wholemodule;
				SWIFT_OPTIMIZATION_LEVEL = "-O";
				VALIDATE_PRODUCT = YES;
			};
			name = Release;
		};
		F72DCE3425EBF6E300723346 /* Debug */ = {
			isa = XCBuildConfiguration;
			buildSettings = {
				ASSETCATALOG_COMPILER_APPICON_NAME = AppIcon;
				ASSETCATALOG_COMPILER_GLOBAL_ACCENT_COLOR_NAME = AccentColor;
				CLANG_ENABLE_MODULES = YES;
				CODE_SIGN_STYLE = Automatic;
				DEVELOPMENT_TEAM = 2C5BW4MB4V;
				INFOPLIST_FILE = TicTacToe/Info.plist;
				LD_RUNPATH_SEARCH_PATHS = (
					"$(inherited)",
					"@executable_path/Frameworks",
				);
				LIBRARY_SEARCH_PATHS = (
					"$(inherited)",
					"$(PROJECT_DIR)/Minimax",
				);
				PRODUCT_BUNDLE_IDENTIFIER = com.glella.TicTacToe;
				PRODUCT_NAME = "$(TARGET_NAME)";
				SWIFT_OBJC_BRIDGING_HEADER = "Minimax/TicTacToe-Bridging-Header.h";
				SWIFT_OPTIMIZATION_LEVEL = "-Onone";
				SWIFT_VERSION = 5.0;
				TARGETED_DEVICE_FAMILY = "1,2";
			};
			name = Debug;
		};
		F72DCE3525EBF6E300723346 /* Release */ = {
			isa = XCBuildConfiguration;
			buildSettings = {
				ASSETCATALOG_COMPILER_APPICON_NAME = AppIcon;
				ASSETCATALOG_COMPILER_GLOBAL_ACCENT_COLOR_NAME = AccentColor;
				CLANG_ENABLE_MODULES = YES;
				CODE_SIGN_STYLE = Automatic;
				DEVELOPMENT_TEAM = 2C5BW4MB4V;
				INFOPLIST_FILE = TicTacToe/Info.plist;
				LD_RUNPATH_SEARCH_PATHS = (
					"$(inherited)",
					"@executable_path/Frameworks",
				);
				LIBRARY_SEARCH_PATHS = (
					"$(inherited)",
					"$(PROJECT_DIR)/Minimax",
				);
				PRODUCT_BUNDLE_IDENTIFIER = com.glella.TicTacToe;
				PRODUCT_NAME = "$(TARGET_NAME)";
				SWIFT_OBJC_BRIDGING_HEADER = "Minimax/TicTacToe-Bridging-Header.h";
				SWIFT_VERSION = 5.0;
				TARGETED_DEVICE_FAMILY = "1,2";
			};
			name = Release;
		};
/* End XCBuildConfiguration section */

/* Begin XCConfigurationList section */
		F72DCE1A25EBF6E200723346 /* Build configuration list for PBXProject "TicTacToe" */ = {
			isa = XCConfigurationList;
			buildConfigurations = (
				F72DCE3125EBF6E300723346 /* Debug */,
				F72DCE3225EBF6E300723346 /* Release */,
			);
			defaultConfigurationIsVisible = 0;
			defaultConfigurationName = Release;
		};
		F72DCE3325EBF6E300723346 /* Build configuration list for PBXNativeTarget "TicTacToe" */ = {
			isa = XCConfigurationList;
			buildConfigurations = (
				F72DCE3425EBF6E300723346 /* Debug */,
				F72DCE3525EBF6E300723346 /* Release */,
			);
			defaultConfigurationIsVisible = 0;
			defaultConfigurationName = Release;
		};
/* End XCConfigurationList section */
	};
	rootObject = F72DCE1725EBF6E200723346 /* Project object */;
}
